{
  "name": "govuk-design-md",
  "version": "0.4.0",
  "lockfileVersion": 3,
  "requires": true,
  "packages": {
    "": {
      "name": "govuk-design-md",
      "version": "0.4.0",
      "license": "SEE LICENSE IN LICENSE",
      "bin": {
        "govuk-design-md": "bin/govuk-design-md.js"
      },
      "devDependencies": {
        "govuk-frontend": "6.5.0"
      },
      "engines": {
        "node": ">=18"
      }
    },
    "node_modules/govuk-frontend": {
      "version": "6.5.0",
      "resolved": "https://registry.npmjs.org/govuk-frontend/-/govuk-frontend-6.5.0.tgz",
      "integrity": "sha512-yWZZCvv99Q0WzPC3+YszHk65Op1yowXpvbGGPi2bsoZiHKfwQGRxOoCaYBWTIOAiphp4QRTFgbGI3fpiFTfZww==",
      "dev": true,
      "license": "MIT",
      "engines": {
        "node": ">= 4.2.0"
      }
    }
  }
}
